
Microsoft Visual Studio Solution File, Format Version 12.00
# Visual Studio 15
VisualStudioVersion = 15.0.27703.2042
MinimumVisualStudioVersion = 10.0.40219.1
Project("{FAE04EC0-301F-11D3-BF4B-00C04F79EFBC}") = "BlogData", "BlogData\BlogData.csproj", "{47AFD0F0-C1E3-4244-94BC-C8521898E104}"
EndProject
Project("{FAE04EC0-301F-11D3-BF4B-00C04F79EFBC}") = "BlogEntity", "BlogEntity\BlogEntity.csproj", "{5F95AB30-6F55-449E-A45B-7B036DD406D2}"
EndProject
Project("{FAE04EC0-301F-11D3-BF4B-00C04F79EFBC}") = "BlogInterface", "BlogInterface\BlogInterface.csproj", "{7971D76D-EC82-4FDD-BBEE-11A7119F54AC}"
EndProject
Project("{FAE04EC0-301F-11D3-BF4B-00C04F79EFBC}") = "BlogRepository", "BlogRepository\BlogRepository.csproj", "{4A17ED6C-D425-4DB8-B2EC-EB1567CB15BF}"
EndProject
Project("{FAE04EC0-301F-11D3-BF4B-00C04F79EFBC}") = "BlogAPP", "BlogAPP\BlogAPP.csproj", "{38C596FC-2A38-4630-9517-ED24C42A6405}"
EndProject
Global
	GlobalSection(SolutionConfigurationPlatforms) = preSolution
		Debug|Any CPU = Debug|Any CPU
		Release|Any CPU = Release|Any CPU
	EndGlobalSection
	GlobalSection(ProjectConfigurationPlatforms) = postSolution
		{47AFD0F0-C1E3-4244-94BC-C8521898E104}.Debug|Any CPU.ActiveCfg = Debug|Any CPU
		{47AFD0F0-C1E3-4244-94BC-C8521898E104}.Debug|Any CPU.Build.0 = Debug|Any CPU
		{47AFD0F0-C1E3-4244-94BC-C8521898E104}.Release|Any CPU.ActiveCfg = Release|Any CPU
		{47AFD0F0-C1E3-4244-94BC-C8521898E104}.Release|Any CPU.Build.0 = Release|Any CPU
		{5F95AB30-6F55-449E-A45B-7B036DD406D2}.Debug|Any CPU.ActiveCfg = Debug|Any CPU
		{5F95AB30-6F55-449E-A45B-7B036DD406D2}.Debug|Any CPU.Build.0 = Debug|Any CPU
		{5F95AB30-6F55-449E-A45B-7B036DD406D2}.Release|Any CPU.ActiveCfg = Release|Any CPU
		{5F95AB30-6F55-449E-A45B-7B036DD406D2}.Release|Any CPU.Build.0 = Release|Any CPU
		{7971D76D-EC82-4FDD-BBEE-11A7119F54AC}.Debug|Any CPU.ActiveCfg = Debug|Any CPU
		{7971D76D-EC82-4FDD-BBEE-11A7119F54AC}.Debug|Any CPU.Build.0 = Debug|Any CPU
		{7971D76D-EC82-4FDD-BBEE-11A7119F54AC}.Release|Any CPU.ActiveCfg = Release|Any CPU
		{7971D76D-EC82-4FDD-BBEE-11A7119F54AC}.Release|Any CPU.Build.0 = Release|Any CPU
		{4A17ED6C-D425-4DB8-B2EC-EB1567CB15BF}.Debug|Any CPU.ActiveCfg = Debug|Any CPU
		{4A17ED6C-D425-4DB8-B2EC-EB1567CB15BF}.Debug|Any CPU.Build.0 = Debug|Any CPU
		{4A17ED6C-D425-4DB8-B2EC-EB1567CB15BF}.Release|Any CPU.ActiveCfg = Release|Any CPU
		{4A17ED6C-D425-4DB8-B2EC-EB1567CB15BF}.Release|Any CPU.Build.0 = Release|Any CPU
		{38C596FC-2A38-4630-9517-ED24C42A6405}.Debug|Any CPU.ActiveCfg = Debug|Any CPU
		{38C596FC-2A38-4630-9517-ED24C42A6405}.Debug|Any CPU.Build.0 = Debug|Any CPU
		{38C596FC-2A38-4630-9517-ED24C42A6405}.Release|Any CPU.ActiveCfg = Release|Any CPU
		{38C596FC-2A38-4630-9517-ED24C42A6405}.Release|Any CPU.Build.0 = Release|Any CPU
	EndGlobalSection
	GlobalSection(SolutionProperties) = preSolution
		HideSolutionNode = FALSE
	EndGlobalSection
	GlobalSection(ExtensibilityGlobals) = postSolution
		SolutionGuid = {C82FCDE9-969C-41F4-A140-635FAC6011D8}
	EndGlobalSection
EndGlobal
